// !$*UTF8*$!
{
	archiveVersion = 1;
	classes = {
	};
	objectVersion = 50;
	objects = {

/* Begin PBXBuildFile section */
		837B2023286AFB3300315B6C /* Lizard.swift in Sources */ = {isa = PBXBuildFile; fileRef = 837B201C286AFB3300315B6C /* Lizard.swift */; };
		837B2024286AFB3300315B6C /* Paper.swift in Sources */ = {isa = PBXBuildFile; fileRef = 837B201D286AFB3300315B6C /* Paper.swift */; };
		837B2025286AFB3300315B6C /* Move.swift in Sources */ = {isa = PBXBuildFile; fileRef = 837B201E286AFB3300315B6C /* Move.swift */; };
		837B2026286AFB3300315B6C /* Scissors.swift in Sources */ = {isa = PBXBuildFile; fileRef = 837B201F286AFB3300315B6C /* Scissors.swift */; };
		837B2027286AFB3300315B6C /* Ai.swift in Sources */ = {isa = PBXBuildFile; fileRef = 837B2020286AFB3300315B6C /* Ai.swift */; };
		837B2028286AFB3300315B6C /* Spock.swift in Sources */ = {isa = PBXBuildFile; fileRef = 837B2021286AFB3300315B6C /* Spock.swift */; };
		837B2029286AFB3300315B6C /* Rock.swift in Sources */ = {isa = PBXBuildFile; fileRef = 837B2022286AFB3300315B6C /* Rock.swift */; };
		837B202B286AFBF500315B6C /* Game.swift in Sources */ = {isa = PBXBuildFile; fileRef = 837B202A286AFBF500315B6C /* Game.swift */; };
		837B202E286AFCF900315B6C /* AiTest.swift in Sources */ = {isa = PBXBuildFile; fileRef = 837B202D286AFCF900315B6C /* AiTest.swift */; };
		837B2033286AFD1200315B6C /* AiTest.swift in Sources */ = {isa = PBXBuildFile; fileRef = 837B202D286AFCF900315B6C /* AiTest.swift */; };
		837B2034286B02CC00315B6C /* MorraCineseTests.swift in Sources */ = {isa = PBXBuildFile; fileRef = 837B202F286AFD0500315B6C /* MorraCineseTests.swift */; };
		837B2035286B02D500315B6C /* MorraCineseTests.swift in Sources */ = {isa = PBXBuildFile; fileRef = 837B202F286AFD0500315B6C /* MorraCineseTests.swift */; };
		F9269459284F36AF00428A2B /* SimpleGameScreen.swift in Sources */ = {isa = PBXBuildFile; fileRef = F9269458284F36AF00428A2B /* SimpleGameScreen.swift */; };
		F926945B284F377700428A2B /* AdvancedGameScreen.swift in Sources */ = {isa = PBXBuildFile; fileRef = F926945A284F377700428A2B /* AdvancedGameScreen.swift */; };
		F9269465284F503700428A2B /* MoveSlice.swift in Sources */ = {isa = PBXBuildFile; fileRef = F9269464284F503700428A2B /* MoveSlice.swift */; };
		F9269467284F504500428A2B /* Direction.swift in Sources */ = {isa = PBXBuildFile; fileRef = F9269466284F504500428A2B /* Direction.swift */; };
		F926948C284F53E300428A2B /* WheelView.swift in Sources */ = {isa = PBXBuildFile; fileRef = F926948B284F53E300428A2B /* WheelView.swift */; };
		F9269492284F5F2F00428A2B /* testWheel.swift in Sources */ = {isa = PBXBuildFile; fileRef = F9269491284F5F2F00428A2B /* testWheel.swift */; };
		F945BE3A28474B760009416D /* AppDelegate.swift in Sources */ = {isa = PBXBuildFile; fileRef = F945BE3928474B760009416D /* AppDelegate.swift */; };
		F945BE3C28474B760009416D /* SceneDelegate.swift in Sources */ = {isa = PBXBuildFile; fileRef = F945BE3B28474B760009416D /* SceneDelegate.swift */; };
		F945BE3E28474B760009416D /* ViewController.swift in Sources */ = {isa = PBXBuildFile; fileRef = F945BE3D28474B760009416D /* ViewController.swift */; };
		F945BE4128474B760009416D /* Main.storyboard in Resources */ = {isa = PBXBuildFile; fileRef = F945BE3F28474B760009416D /* Main.storyboard */; };
		F945BE4428474B760009416D /* MorraCinese.xcdatamodeld in Sources */ = {isa = PBXBuildFile; fileRef = F945BE4228474B760009416D /* MorraCinese.xcdatamodeld */; };
		F945BE4628474B780009416D /* Assets.xcassets in Resources */ = {isa = PBXBuildFile; fileRef = F945BE4528474B780009416D /* Assets.xcassets */; };
		F945BE4928474B780009416D /* LaunchScreen.storyboard in Resources */ = {isa = PBXBuildFile; fileRef = F945BE4728474B780009416D /* LaunchScreen.storyboard */; };
/* End PBXBuildFile section */

/* Begin PBXContainerItemProxy section */
		837785D7284F35DE0021F8E1 /* PBXContainerItemProxy */ = {
			isa = PBXContainerItemProxy;
			containerPortal = F945BE2E28474B760009416D /* Project object */;
			proxyType = 1;
			remoteGlobalIDString = F945BE3528474B760009416D;
			remoteInfo = MorraCinese;
		};
/* End PBXContainerItemProxy section */

/* Begin PBXFileReference section */
		837B201C286AFB3300315B6C /* Lizard.swift */ = {isa = PBXFileReference; fileEncoding = 4; lastKnownFileType = sourcecode.swift; name = Lizard.swift; path = MorraCinese/Model/Lizard.swift; sourceTree = SOURCE_ROOT; };
		837B201D286AFB3300315B6C /* Paper.swift */ = {isa = PBXFileReference; fileEncoding = 4; lastKnownFileType = sourcecode.swift; name = Paper.swift; path = MorraCinese/Model/Paper.swift; sourceTree = SOURCE_ROOT; };
		837B201E286AFB3300315B6C /* Move.swift */ = {isa = PBXFileReference; fileEncoding = 4; lastKnownFileType = sourcecode.swift; name = Move.swift; path = MorraCinese/Model/Move.swift; sourceTree = SOURCE_ROOT; };
		837B201F286AFB3300315B6C /* Scissors.swift */ = {isa = PBXFileReference; fileEncoding = 4; lastKnownFileType = sourcecode.swift; name = Scissors.swift; path = MorraCinese/Model/Scissors.swift; sourceTree = SOURCE_ROOT; };
		837B2020286AFB3300315B6C /* Ai.swift */ = {isa = PBXFileReference; fileEncoding = 4; lastKnownFileType = sourcecode.swift; name = Ai.swift; path = MorraCinese/Model/Ai.swift; sourceTree = SOURCE_ROOT; };
		837B2021286AFB3300315B6C /* Spock.swift */ = {isa = PBXFileReference; fileEncoding = 4; lastKnownFileType = sourcecode.swift; name = Spock.swift; path = MorraCinese/Model/Spock.swift; sourceTree = SOURCE_ROOT; };
		837B2022286AFB3300315B6C /* Rock.swift */ = {isa = PBXFileReference; fileEncoding = 4; lastKnownFileType = sourcecode.swift; name = Rock.swift; path = MorraCinese/Model/Rock.swift; sourceTree = SOURCE_ROOT; };
		837B202A286AFBF500315B6C /* Game.swift */ = {isa = PBXFileReference; lastKnownFileType = sourcecode.swift; name = Game.swift; path = Controller/Game.swift; sourceTree = "<group>"; };
		837B202D286AFCF900315B6C /* AiTest.swift */ = {isa = PBXFileReference; fileEncoding = 4; lastKnownFileType = sourcecode.swift; name = AiTest.swift; path = Tests/AiTest.swift; sourceTree = SOURCE_ROOT; };
		837B202F286AFD0500315B6C /* MorraCineseTests.swift */ = {isa = PBXFileReference; fileEncoding = 4; lastKnownFileType = sourcecode.swift; name = MorraCineseTests.swift; path = Tests/MorraCineseTests.swift; sourceTree = SOURCE_ROOT; };
		F9269458284F36AF00428A2B /* SimpleGameScreen.swift */ = {isa = PBXFileReference; lastKnownFileType = sourcecode.swift; path = SimpleGameScreen.swift; sourceTree = "<group>"; };
		F926945A284F377700428A2B /* AdvancedGameScreen.swift */ = {isa = PBXFileReference; lastKnownFileType = sourcecode.swift; path = AdvancedGameScreen.swift; sourceTree = "<group>"; };
		F9269464284F503700428A2B /* MoveSlice.swift */ = {isa = PBXFileReference; lastKnownFileType = sourcecode.swift; path = MoveSlice.swift; sourceTree = "<group>"; };
		F9269466284F504500428A2B /* Direction.swift */ = {isa = PBXFileReference; lastKnownFileType = sourcecode.swift; path = Direction.swift; sourceTree = "<group>"; };
		F926948B284F53E300428A2B /* WheelView.swift */ = {isa = PBXFileReference; lastKnownFileType = sourcecode.swift; path = WheelView.swift; sourceTree = "<group>"; };
		F9269491284F5F2F00428A2B /* testWheel.swift */ = {isa = PBXFileReference; lastKnownFileType = sourcecode.swift; path = testWheel.swift; sourceTree = "<group>"; };
		F945BE3628474B760009416D /* MorraCinese.app */ = {isa = PBXFileReference; explicitFileType = wrapper.application; includeInIndex = 0; path = MorraCinese.app; sourceTree = BUILT_PRODUCTS_DIR; };
		F945BE3928474B760009416D /* AppDelegate.swift */ = {isa = PBXFileReference; lastKnownFileType = sourcecode.swift; path = AppDelegate.swift; sourceTree = "<group>"; };
		F945BE3B28474B760009416D /* SceneDelegate.swift */ = {isa = PBXFileReference; lastKnownFileType = sourcecode.swift; path = SceneDelegate.swift; sourceTree = "<group>"; };
		F945BE3D28474B760009416D /* ViewController.swift */ = {isa = PBXFileReference; lastKnownFileType = sourcecode.swift; path = ViewController.swift; sourceTree = "<group>"; };
		F945BE4028474B760009416D /* Base */ = {isa = PBXFileReference; lastKnownFileType = file.storyboard; name = Base; path = Base.lproj/Main.storyboard; sourceTree = "<group>"; };
		F945BE4328474B760009416D /* MorraCinese.xcdatamodel */ = {isa = PBXFileReference; lastKnownFileType = wrapper.xcdatamodel; path = MorraCinese.xcdatamodel; sourceTree = "<group>"; };
		F945BE4528474B780009416D /* Assets.xcassets */ = {isa = PBXFileReference; lastKnownFileType = folder.assetcatalog; path = Assets.xcassets; sourceTree = "<group>"; };
		F945BE4828474B780009416D /* Base */ = {isa = PBXFileReference; lastKnownFileType = file.storyboard; name = Base; path = Base.lproj/LaunchScreen.storyboard; sourceTree = "<group>"; };
		F945BE4A28474B780009416D /* Info.plist */ = {isa = PBXFileReference; lastKnownFileType = text.plist.xml; path = Info.plist; sourceTree = "<group>"; };
/* End PBXFileReference section */

/* Begin PBXFrameworksBuildPhase section */
		837785CF284F35DE0021F8E1 /* Frameworks */ = {
			isa = PBXFrameworksBuildPhase;
			buildActionMask = 2147483647;
			files = (
			);
			runOnlyForDeploymentPostprocessing = 0;
		};
		F945BE3328474B760009416D /* Frameworks */ = {
			isa = PBXFrameworksBuildPhase;
			buildActionMask = 2147483647;
			files = (
			);
			runOnlyForDeploymentPostprocessing = 0;
		};
/* End PBXFrameworksBuildPhase section */

/* Begin PBXGroup section */
		837B2014286AFAA900315B6C /* Controller */ = {
			isa = PBXGroup;
			children = (
				837B202A286AFBF500315B6C /* Game.swift */,
			);
			name = Controller;
			sourceTree = "<group>";
		};
		837B2015286AFAB200315B6C /* Model */ = {
			isa = PBXGroup;
			children = (
				837B2020286AFB3300315B6C /* Ai.swift */,
				837B201C286AFB3300315B6C /* Lizard.swift */,
				837B201E286AFB3300315B6C /* Move.swift */,
				837B201D286AFB3300315B6C /* Paper.swift */,
				837B2022286AFB3300315B6C /* Rock.swift */,
				837B201F286AFB3300315B6C /* Scissors.swift */,
				837B2021286AFB3300315B6C /* Spock.swift */,
			);
			path = Model;
			sourceTree = "<group>";
		};
		837B202C286AFC8000315B6C /* Tests */ = {
			isa = PBXGroup;
			children = (
				837B202F286AFD0500315B6C /* MorraCineseTests.swift */,
				837B202D286AFCF900315B6C /* AiTest.swift */,
			);
			name = Tests;
			path = "/Users/icts21-23.107/Documents/GitHub/IOSProject/MorraCinese_Xcode_12.5/MorraCineseTests";
			sourceTree = "<absolute>";
		};
		F926945C284F37F700428A2B /* Scene */ = {
			isa = PBXGroup;
			children = (
				F945BE3D28474B760009416D /* ViewController.swift */,
				F926945A284F377700428A2B /* AdvancedGameScreen.swift */,
				F9269458284F36AF00428A2B /* SimpleGameScreen.swift */,
			);
			path = Scene;
			sourceTree = "<group>";
		};
		F926945D284F475B00428A2B /* WheelMenu */ = {
			isa = PBXGroup;
			children = (
				F9269491284F5F2F00428A2B /* testWheel.swift */,
				F9269464284F503700428A2B /* MoveSlice.swift */,
				F9269466284F504500428A2B /* Direction.swift */,
				F926948B284F53E300428A2B /* WheelView.swift */,
			);
			path = WheelMenu;
			sourceTree = "<group>";
		};
		F945BE2D28474B760009416D = {
			isa = PBXGroup;
			children = (
				F945BE3828474B760009416D /* MorraCinese */,
				F945BE3728474B760009416D /* Products */,
			);
			sourceTree = "<group>";
		};
		F945BE3728474B760009416D /* Products */ = {
			isa = PBXGroup;
			children = (
				F945BE3628474B760009416D /* MorraCinese.app */,
			);
			name = Products;
			sourceTree = "<group>";
		};
		F945BE3828474B760009416D /* MorraCinese */ = {
			isa = PBXGroup;
			children = (
				837B2015286AFAB200315B6C /* Model */,
				837B2014286AFAA900315B6C /* Controller */,
				F926945D284F475B00428A2B /* WheelMenu */,
				F926945C284F37F700428A2B /* Scene */,
				F945BE3928474B760009416D /* AppDelegate.swift */,
				F945BE3B28474B760009416D /* SceneDelegate.swift */,
				F945BE3F28474B760009416D /* Main.storyboard */,
				F945BE4528474B780009416D /* Assets.xcassets */,
				F945BE4728474B780009416D /* LaunchScreen.storyboard */,
				F945BE4A28474B780009416D /* Info.plist */,
				F945BE4228474B760009416D /* MorraCinese.xcdatamodeld */,
				837B202C286AFC8000315B6C /* Tests */,
			);
			path = MorraCinese;
			sourceTree = "<group>";
		};
/* End PBXGroup section */

/* Begin PBXNativeTarget section */
		837785D1284F35DE0021F8E1 /* MorraCineseTests */ = {
			isa = PBXNativeTarget;
			buildConfigurationList = 837785DB284F35DE0021F8E1 /* Build configuration list for PBXNativeTarget "MorraCineseTests" */;
			buildPhases = (
				837785CE284F35DE0021F8E1 /* Sources */,
				837785CF284F35DE0021F8E1 /* Frameworks */,
				837785D0284F35DE0021F8E1 /* Resources */,
			);
			buildRules = (
			);
			dependencies = (
				837785D8284F35DE0021F8E1 /* PBXTargetDependency */,
			);
			name = MorraCineseTests;
			productName = MorraCineseTests;
			productType = "com.apple.product-type.bundle.unit-test";
		};
		F945BE3528474B760009416D /* MorraCinese */ = {
			isa = PBXNativeTarget;
			buildConfigurationList = F945BE4D28474B780009416D /* Build configuration list for PBXNativeTarget "MorraCinese" */;
			buildPhases = (
				F945BE3228474B760009416D /* Sources */,
				F945BE3328474B760009416D /* Frameworks */,
				F945BE3428474B760009416D /* Resources */,
			);
			buildRules = (
			);
			dependencies = (
			);
			name = MorraCinese;
			productName = MorraCinese;
			productReference = F945BE3628474B760009416D /* MorraCinese.app */;
			productType = "com.apple.product-type.application";
		};
/* End PBXNativeTarget section */

/* Begin PBXProject section */
		F945BE2E28474B760009416D /* Project object */ = {
			isa = PBXProject;
			attributes = {
				LastSwiftUpdateCheck = 1250;
				LastUpgradeCheck = 1250;
				TargetAttributes = {
					837785D1284F35DE0021F8E1 = {
						CreatedOnToolsVersion = 12.5.1;
						LastSwiftMigration = 1250;
						TestTargetID = F945BE3528474B760009416D;
					};
					F945BE3528474B760009416D = {
						CreatedOnToolsVersion = 12.5.1;
					};
				};
			};
			buildConfigurationList = F945BE3128474B760009416D /* Build configuration list for PBXProject "MorraCinese" */;
			compatibilityVersion = "Xcode 9.3";
			developmentRegion = en;
			hasScannedForEncodings = 0;
			knownRegions = (
				en,
				Base,
			);
			mainGroup = F945BE2D28474B760009416D;
			productRefGroup = F945BE3728474B760009416D /* Products */;
			projectDirPath = "";
			projectRoot = "";
			targets = (
				F945BE3528474B760009416D /* MorraCinese */,
				837785D1284F35DE0021F8E1 /* MorraCineseTests */,
			);
		};
/* End PBXProject section */

/* Begin PBXResourcesBuildPhase section */
		837785D0284F35DE0021F8E1 /* Resources */ = {
			isa = PBXResourcesBuildPhase;
			buildActionMask = 2147483647;
			files = (
			);
			runOnlyForDeploymentPostprocessing = 0;
		};
		F945BE3428474B760009416D /* Resources */ = {
			isa = PBXResourcesBuildPhase;
			buildActionMask = 2147483647;
			files = (
				F945BE4928474B780009416D /* LaunchScreen.storyboard in Resources */,
				F945BE4628474B780009416D /* Assets.xcassets in Resources */,
				F945BE4128474B760009416D /* Main.storyboard in Resources */,
			);
			runOnlyForDeploymentPostprocessing = 0;
		};
/* End PBXResourcesBuildPhase section */

/* Begin PBXSourcesBuildPhase section */
		837785CE284F35DE0021F8E1 /* Sources */ = {
			isa = PBXSourcesBuildPhase;
			buildActionMask = 2147483647;
			files = (
				837B2035286B02D500315B6C /* MorraCineseTests.swift in Sources */,
				837B2033286AFD1200315B6C /* AiTest.swift in Sources */,
			);
			runOnlyForDeploymentPostprocessing = 0;
		};
		F945BE3228474B760009416D /* Sources */ = {
			isa = PBXSourcesBuildPhase;
			buildActionMask = 2147483647;
			files = (
				837B2034286B02CC00315B6C /* MorraCineseTests.swift in Sources */,
				837B2025286AFB3300315B6C /* Move.swift in Sources */,
				837B2026286AFB3300315B6C /* Scissors.swift in Sources */,
				F9269459284F36AF00428A2B /* SimpleGameScreen.swift in Sources */,
				837B2023286AFB3300315B6C /* Lizard.swift in Sources */,
				F9269465284F503700428A2B /* MoveSlice.swift in Sources */,
				F926948C284F53E300428A2B /* WheelView.swift in Sources */,
				F926945B284F377700428A2B /* AdvancedGameScreen.swift in Sources */,
				F945BE4428474B760009416D /* MorraCinese.xcdatamodeld in Sources */,
				F945BE3E28474B760009416D /* ViewController.swift in Sources */,
				837B2028286AFB3300315B6C /* Spock.swift in Sources */,
				F945BE3A28474B760009416D /* AppDelegate.swift in Sources */,
				837B2029286AFB3300315B6C /* Rock.swift in Sources */,
				837B2024286AFB3300315B6C /* Paper.swift in Sources */,
				837B202E286AFCF900315B6C /* AiTest.swift in Sources */,
				837B202B286AFBF500315B6C /* Game.swift in Sources */,
				F945BE3C28474B760009416D /* SceneDelegate.swift in Sources */,
				837B2027286AFB3300315B6C /* Ai.swift in Sources */,
				F9269467284F504500428A2B /* Direction.swift in Sources */,
				F9269492284F5F2F00428A2B /* testWheel.swift in Sources */,
			);
			runOnlyForDeploymentPostprocessing = 0;
		};
/* End PBXSourcesBuildPhase section */

/* Begin PBXTargetDependency section */
		837785D8284F35DE0021F8E1 /* PBXTargetDependency */ = {
			isa = PBXTargetDependency;
			target = F945BE3528474B760009416D /* MorraCinese */;
			targetProxy = 837785D7284F35DE0021F8E1 /* PBXContainerItemProxy */;
		};
/* End PBXTargetDependency section */

/* Begin PBXVariantGroup section */
		F945BE3F28474B760009416D /* Main.storyboard */ = {
			isa = PBXVariantGroup;
			children = (
				F945BE4028474B760009416D /* Base */,
			);
			name = Main.storyboard;
			sourceTree = "<group>";
		};
		F945BE4728474B780009416D /* LaunchScreen.storyboard */ = {
			isa = PBXVariantGroup;
			children = (
				F945BE4828474B780009416D /* Base */,
			);
			name = LaunchScreen.storyboard;
			sourceTree = "<group>";
		};
/* End PBXVariantGroup section */

/* Begin XCBuildConfiguration section */
		837785D9284F35DE0021F8E1 /* Debug */ = {
			isa = XCBuildConfiguration;
			buildSettings = {
				BUNDLE_LOADER = "$(TEST_HOST)";
				CLANG_ENABLE_MODULES = YES;
				CODE_SIGN_STYLE = Automatic;
				INFOPLIST_FILE = MorraCineseTests/Info.plist;
				LD_RUNPATH_SEARCH_PATHS = (
					"$(inherited)",
					"@executable_path/Frameworks",
					"@loader_path/Frameworks",
				);
				PRODUCT_BUNDLE_IDENTIFIER = Gruppo2IOS.MorraCineseTests;
				PRODUCT_NAME = "$(TARGET_NAME)";
				SWIFT_OPTIMIZATION_LEVEL = "-Onone";
				SWIFT_VERSION = 5.0;
				TARGETED_DEVICE_FAMILY = "1,2";
				TEST_HOST = "$(BUILT_PRODUCTS_DIR)/MorraCinese.app/MorraCinese";
			};
			name = Debug;
		};
		837785DA284F35DE0021F8E1 /* Release */ = {
			isa = XCBuildConfiguration;
			buildSettings = {
				BUNDLE_LOADER = "$(TEST_HOST)";
				CLANG_ENABLE_MODULES = YES;
				CODE_SIGN_STYLE = Automatic;
				INFOPLIST_FILE = MorraCineseTests/Info.plist;
				LD_RUNPATH_SEARCH_PATHS = (
					"$(inherited)",
					"@executable_path/Frameworks",
					"@loader_path/Frameworks",
				);
				PRODUCT_BUNDLE_IDENTIFIER = Gruppo2IOS.MorraCineseTests;
				PRODUCT_NAME = "$(TARGET_NAME)";
				SWIFT_VERSION = 5.0;
				TARGETED_DEVICE_FAMILY = "1,2";
				TEST_HOST = "$(BUILT_PRODUCTS_DIR)/MorraCinese.app/MorraCinese";
			};
			name = Release;
		};
		F945BE4B28474B780009416D /* Debug */ = {
			isa = XCBuildConfiguration;
			buildSettings = {
				ALWAYS_SEARCH_USER_PATHS = NO;
				CLANG_ANALYZER_NONNULL = YES;
				CLANG_ANALYZER_NUMBER_OBJECT_CONVERSION = YES_AGGRESSIVE;
				CLANG_CXX_LANGUAGE_STANDARD = "gnu++14";
				CLANG_CXX_LIBRARY = "libc++";
				CLANG_ENABLE_MODULES = YES;
				CLANG_ENABLE_OBJC_ARC = YES;
				CLANG_ENABLE_OBJC_WEAK = YES;
				CLANG_WARN_BLOCK_CAPTURE_AUTORELEASING = YES;
				CLANG_WARN_BOOL_CONVERSION = YES;
				CLANG_WARN_COMMA = YES;
				CLANG_WARN_CONSTANT_CONVERSION = YES;
				CLANG_WARN_DEPRECATED_OBJC_IMPLEMENTATIONS = YES;
				CLANG_WARN_DIRECT_OBJC_ISA_USAGE = YES_ERROR;
				CLANG_WARN_DOCUMENTATION_COMMENTS = YES;
				CLANG_WARN_EMPTY_BODY = YES;
				CLANG_WARN_ENUM_CONVERSION = YES;
				CLANG_WARN_INFINITE_RECURSION = YES;
				CLANG_WARN_INT_CONVERSION = YES;
				CLANG_WARN_NON_LITERAL_NULL_CONVERSION = YES;
				CLANG_WARN_OBJC_IMPLICIT_RETAIN_SELF = YES;
				CLANG_WARN_OBJC_LITERAL_CONVERSION = YES;
				CLANG_WARN_OBJC_ROOT_CLASS = YES_ERROR;
				CLANG_WARN_QUOTED_INCLUDE_IN_FRAMEWORK_HEADER = YES;
				CLANG_WARN_RANGE_LOOP_ANALYSIS = YES;
				CLANG_WARN_STRICT_PROTOTYPES = YES;
				CLANG_WARN_SUSPICIOUS_MOVE = YES;
				CLANG_WARN_UNGUARDED_AVAILABILITY = YES_AGGRESSIVE;
				CLANG_WARN_UNREACHABLE_CODE = YES;
				CLANG_WARN__DUPLICATE_METHOD_MATCH = YES;
				COPY_PHASE_STRIP = NO;
				DEBUG_INFORMATION_FORMAT = dwarf;
				ENABLE_STRICT_OBJC_MSGSEND = YES;
				ENABLE_TESTABILITY = YES;
				GCC_C_LANGUAGE_STANDARD = gnu11;
				GCC_DYNAMIC_NO_PIC = NO;
				GCC_NO_COMMON_BLOCKS = YES;
				GCC_OPTIMIZATION_LEVEL = 0;
				GCC_PREPROCESSOR_DEFINITIONS = (
					"DEBUG=1",
					"$(inherited)",
				);
				GCC_WARN_64_TO_32_BIT_CONVERSION = YES;
				GCC_WARN_ABOUT_RETURN_TYPE = YES_ERROR;
				GCC_WARN_UNDECLARED_SELECTOR = YES;
				GCC_WARN_UNINITIALIZED_AUTOS = YES_AGGRESSIVE;
				GCC_WARN_UNUSED_FUNCTION = YES;
				GCC_WARN_UNUSED_VARIABLE = YES;
				IPHONEOS_DEPLOYMENT_TARGET = 14.5;
				MTL_ENABLE_DEBUG_INFO = INCLUDE_SOURCE;
				MTL_FAST_MATH = YES;
				ONLY_ACTIVE_ARCH = YES;
				SDKROOT = iphoneos;
				SWIFT_ACTIVE_COMPILATION_CONDITIONS = DEBUG;
				SWIFT_OPTIMIZATION_LEVEL = "-Onone";
			};
			name = Debug;
		};
		F945BE4C28474B780009416D /* Release */ = {
			isa = XCBuildConfiguration;
			buildSettings = {
				ALWAYS_SEARCH_USER_PATHS = NO;
				CLANG_ANALYZER_NONNULL = YES;
				CLANG_ANALYZER_NUMBER_OBJECT_CONVERSION = YES_AGGRESSIVE;
				CLANG_CXX_LANGUAGE_STANDARD = "gnu++14";
				CLANG_CXX_LIBRARY = "libc++";
				CLANG_ENABLE_MODULES = YES;
				CLANG_ENABLE_OBJC_ARC = YES;
				CLANG_ENABLE_OBJC_WEAK = YES;
				CLANG_WARN_BLOCK_CAPTURE_AUTORELEASING = YES;
				CLANG_WARN_BOOL_CONVERSION = YES;
				CLANG_WARN_COMMA = YES;
				CLANG_WARN_CONSTANT_CONVERSION = YES;
				CLANG_WARN_DEPRECATED_OBJC_IMPLEMENTATIONS = YES;
				CLANG_WARN_DIRECT_OBJC_ISA_USAGE = YES_ERROR;
				CLANG_WARN_DOCUMENTATION_COMMENTS = YES;
				CLANG_WARN_EMPTY_BODY = YES;
				CLANG_WARN_ENUM_CONVERSION = YES;
				CLANG_WARN_INFINITE_RECURSION = YES;
				CLANG_WARN_INT_CONVERSION = YES;
				CLANG_WARN_NON_LITERAL_NULL_CONVERSION = YES;
				CLANG_WARN_OBJC_IMPLICIT_RETAIN_SELF = YES;
				CLANG_WARN_OBJC_LITERAL_CONVERSION = YES;
				CLANG_WARN_OBJC_ROOT_CLASS = YES_ERROR;
				CLANG_WARN_QUOTED_INCLUDE_IN_FRAMEWORK_HEADER = YES;
				CLANG_WARN_RANGE_LOOP_ANALYSIS = YES;
				CLANG_WARN_STRICT_PROTOTYPES = YES;
				CLANG_WARN_SUSPICIOUS_MOVE = YES;
				CLANG_WARN_UNGUARDED_AVAILABILITY = YES_AGGRESSIVE;
				CLANG_WARN_UNREACHABLE_CODE = YES;
				CLANG_WARN__DUPLICATE_METHOD_MATCH = YES;
				COPY_PHASE_STRIP = NO;
				DEBUG_INFORMATION_FORMAT = "dwarf-with-dsym";
				ENABLE_NS_ASSERTIONS = NO;
				ENABLE_STRICT_OBJC_MSGSEND = YES;
				GCC_C_LANGUAGE_STANDARD = gnu11;
				GCC_NO_COMMON_BLOCKS = YES;
				GCC_WARN_64_TO_32_BIT_CONVERSION = YES;
				GCC_WARN_ABOUT_RETURN_TYPE = YES_ERROR;
				GCC_WARN_UNDECLARED_SELECTOR = YES;
				GCC_WARN_UNINITIALIZED_AUTOS = YES_AGGRESSIVE;
				GCC_WARN_UNUSED_FUNCTION = YES;
				GCC_WARN_UNUSED_VARIABLE = YES;
				IPHONEOS_DEPLOYMENT_TARGET = 14.5;
				MTL_ENABLE_DEBUG_INFO = NO;
				MTL_FAST_MATH = YES;
				SDKROOT = iphoneos;
				SWIFT_COMPILATION_MODE = wholemodule;
				SWIFT_OPTIMIZATION_LEVEL = "-O";
				VALIDATE_PRODUCT = YES;
			};
			name = Release;
		};
		F945BE4E28474B780009416D /* Debug */ = {
			isa = XCBuildConfiguration;
			buildSettings = {
				ASSETCATALOG_COMPILER_APPICON_NAME = AppIcon;
				ASSETCATALOG_COMPILER_GLOBAL_ACCENT_COLOR_NAME = AccentColor;
				CODE_SIGN_STYLE = Automatic;
				DEVELOPMENT_TEAM = 84883MAQ2Z;
				INFOPLIST_FILE = MorraCinese/Info.plist;
				LD_RUNPATH_SEARCH_PATHS = (
					"$(inherited)",
					"@executable_path/Frameworks",
				);
				PRODUCT_BUNDLE_IDENTIFIER = com.MorraCinese;
				PRODUCT_NAME = "$(TARGET_NAME)";
				SWIFT_VERSION = 5.0;
				TARGETED_DEVICE_FAMILY = "1,2";
			};
			name = Debug;
		};
		F945BE4F28474B780009416D /* Release */ = {
			isa = XCBuildConfiguration;
			buildSettings = {
				ASSETCATALOG_COMPILER_APPICON_NAME = AppIcon;
				ASSETCATALOG_COMPILER_GLOBAL_ACCENT_COLOR_NAME = AccentColor;
				CODE_SIGN_STYLE = Automatic;
				DEVELOPMENT_TEAM = 84883MAQ2Z;
				INFOPLIST_FILE = MorraCinese/Info.plist;
				LD_RUNPATH_SEARCH_PATHS = (
					"$(inherited)",
					"@executable_path/Frameworks",
				);
				PRODUCT_BUNDLE_IDENTIFIER = com.MorraCinese;
				PRODUCT_NAME = "$(TARGET_NAME)";
				SWIFT_VERSION = 5.0;
				TARGETED_DEVICE_FAMILY = "1,2";
			};
			name = Release;
		};
/* End XCBuildConfiguration section */

/* Begin XCConfigurationList section */
		837785DB284F35DE0021F8E1 /* Build configuration list for PBXNativeTarget "MorraCineseTests" */ = {
			isa = XCConfigurationList;
			buildConfigurations = (
				837785D9284F35DE0021F8E1 /* Debug */,
				837785DA284F35DE0021F8E1 /* Release */,
			);
			defaultConfigurationIsVisible = 0;
			defaultConfigurationName = Release;
		};
		F945BE3128474B760009416D /* Build configuration list for PBXProject "MorraCinese" */ = {
			isa = XCConfigurationList;
			buildConfigurations = (
				F945BE4B28474B780009416D /* Debug */,
				F945BE4C28474B780009416D /* Release */,
			);
			defaultConfigurationIsVisible = 0;
			defaultConfigurationName = Release;
		};
		F945BE4D28474B780009416D /* Build configuration list for PBXNativeTarget "MorraCinese" */ = {
			isa = XCConfigurationList;
			buildConfigurations = (
				F945BE4E28474B780009416D /* Debug */,
				F945BE4F28474B780009416D /* Release */,
			);
			defaultConfigurationIsVisible = 0;
			defaultConfigurationName = Release;
		};
/* End XCConfigurationList section */

/* Begin XCVersionGroup section */
		F945BE4228474B760009416D /* MorraCinese.xcdatamodeld */ = {
			isa = XCVersionGroup;
			children = (
				F945BE4328474B760009416D /* MorraCinese.xcdatamodel */,
			);
			currentVersion = F945BE4328474B760009416D /* MorraCinese.xcdatamodel */;
			path = MorraCinese.xcdatamodeld;
			sourceTree = "<group>";
			versionGroupType = wrapper.xcdatamodel;
		};
/* End XCVersionGroup section */
	};
	rootObject = F945BE2E28474B760009416D /* Project object */;
}
