// !$*UTF8*$!
{
	archiveVersion = 1;
	classes = {
	};
	objectVersion = 50;
	objects = {

/* Begin PBXBuildFile section */
		3AD23E2D284DEF2500005A0E /* Tests in Resources */ = {isa = PBXBuildFile; fileRef = 3AD23E2C284DEF2500005A0E /* Tests */; };
		3AF8D90A284DDE0C003107DC /* Model in Resources */ = {isa = PBXBuildFile; fileRef = 3AF8D909284DDE0C003107DC /* Model */; };
		3AF8D90C284DDE25003107DC /* Controller in Resources */ = {isa = PBXBuildFile; fileRef = 3AF8D90B284DDE25003107DC /* Controller */; };
		F945BE3A28474B760009416D /* AppDelegate.swift in Sources */ = {isa = PBXBuildFile; fileRef = F945BE3928474B760009416D /* AppDelegate.swift */; };
		F945BE3C28474B760009416D /* SceneDelegate.swift in Sources */ = {isa = PBXBuildFile; fileRef = F945BE3B28474B760009416D /* SceneDelegate.swift */; };
		F945BE3E28474B760009416D /* ViewController.swift in Sources */ = {isa = PBXBuildFile; fileRef = F945BE3D28474B760009416D /* ViewController.swift */; };
		F945BE4128474B760009416D /* Main.storyboard in Resources */ = {isa = PBXBuildFile; fileRef = F945BE3F28474B760009416D /* Main.storyboard */; };
		F945BE4428474B760009416D /* MorraCinese.xcdatamodeld in Sources */ = {isa = PBXBuildFile; fileRef = F945BE4228474B760009416D /* MorraCinese.xcdatamodeld */; };
		F945BE4628474B780009416D /* Assets.xcassets in Resources */ = {isa = PBXBuildFile; fileRef = F945BE4528474B780009416D /* Assets.xcassets */; };
		F945BE4928474B780009416D /* LaunchScreen.storyboard in Resources */ = {isa = PBXBuildFile; fileRef = F945BE4728474B780009416D /* LaunchScreen.storyboard */; };
/* End PBXBuildFile section */

/* Begin PBXFileReference section */
		3AD23E2C284DEF2500005A0E /* Tests */ = {isa = PBXFileReference; lastKnownFileType = folder; path = Tests; sourceTree = "<group>"; };
		3AF8D909284DDE0C003107DC /* Model */ = {isa = PBXFileReference; lastKnownFileType = folder; path = Model; sourceTree = "<group>"; };
		3AF8D90B284DDE25003107DC /* Controller */ = {isa = PBXFileReference; lastKnownFileType = folder; path = Controller; sourceTree = "<group>"; };
		F945BE3628474B760009416D /* MorraCinese.app */ = {isa = PBXFileReference; explicitFileType = wrapper.application; includeInIndex = 0; path = MorraCinese.app; sourceTree = BUILT_PRODUCTS_DIR; };
		F945BE3928474B760009416D /* AppDelegate.swift */ = {isa = PBXFileReference; lastKnownFileType = sourcecode.swift; path = AppDelegate.swift; sourceTree = "<group>"; };
		F945BE3B28474B760009416D /* SceneDelegate.swift */ = {isa = PBXFileReference; lastKnownFileType = sourcecode.swift; path = SceneDelegate.swift; sourceTree = "<group>"; };
		F945BE3D28474B760009416D /* ViewController.swift */ = {isa = PBXFileReference; lastKnownFileType = sourcecode.swift; path = ViewController.swift; sourceTree = "<group>"; };
		F945BE4028474B760009416D /* Base */ = {isa = PBXFileReference; lastKnownFileType = file.storyboard; name = Base; path = Base.lproj/Main.storyboard; sourceTree = "<group>"; };
		F945BE4328474B760009416D /* MorraCinese.xcdatamodel */ = {isa = PBXFileReference; lastKnownFileType = wrapper.xcdatamodel; path = MorraCinese.xcdatamodel; sourceTree = "<group>"; };
		F945BE4528474B780009416D /* Assets.xcassets */ = {isa = PBXFileReference; lastKnownFileType = folder.assetcatalog; path = Assets.xcassets; sourceTree = "<group>"; };
		F945BE4828474B780009416D /* Base */ = {isa = PBXFileReference; lastKnownFileType = file.storyboard; name = Base; path = Base.lproj/LaunchScreen.storyboard; sourceTree = "<group>"; };
		F945BE4A28474B780009416D /* Info.plist */ = {isa = PBXFileReference; lastKnownFileType = text.plist.xml; path = Info.plist; sourceTree = "<group>"; };
/* End PBXFileReference section */

/* Begin PBXFrameworksBuildPhase section */
		F945BE3328474B760009416D /* Frameworks */ = {
			isa = PBXFrameworksBuildPhase;
			buildActionMask = 2147483647;
			files = (
			);
			runOnlyForDeploymentPostprocessing = 0;
		};
/* End PBXFrameworksBuildPhase section */

/* Begin PBXGroup section */
		F945BE2D28474B760009416D = {
			isa = PBXGroup;
			children = (
				F945BE3828474B760009416D /* MorraCinese */,
				F945BE3728474B760009416D /* Products */,
			);
			sourceTree = "<group>";
		};
		F945BE3728474B760009416D /* Products */ = {
			isa = PBXGroup;
			children = (
				F945BE3628474B760009416D /* MorraCinese.app */,
			);
			name = Products;
			sourceTree = "<group>";
		};
		F945BE3828474B760009416D /* MorraCinese */ = {
			isa = PBXGroup;
			children = (
				3AD23E2C284DEF2500005A0E /* Tests */,
				3AF8D90B284DDE25003107DC /* Controller */,
				3AF8D909284DDE0C003107DC /* Model */,
				F945BE3928474B760009416D /* AppDelegate.swift */,
				F945BE3B28474B760009416D /* SceneDelegate.swift */,
				F945BE3D28474B760009416D /* ViewController.swift */,
				F945BE3F28474B760009416D /* Main.storyboard */,
				F945BE4528474B780009416D /* Assets.xcassets */,
				F945BE4728474B780009416D /* LaunchScreen.storyboard */,
				F945BE4A28474B780009416D /* Info.plist */,
				F945BE4228474B760009416D /* MorraCinese.xcdatamodeld */,
			);
			path = MorraCinese;
			sourceTree = "<group>";
		};
/* End PBXGroup section */

/* Begin PBXNativeTarget section */
		F945BE3528474B760009416D /* MorraCinese */ = {
			isa = PBXNativeTarget;
			buildConfigurationList = F945BE4D28474B780009416D /* Build configuration list for PBXNativeTarget "MorraCinese" */;
			buildPhases = (
				F945BE3228474B760009416D /* Sources */,
				F945BE3328474B760009416D /* Frameworks */,
				F945BE3428474B760009416D /* Resources */,
			);
			buildRules = (
			);
			dependencies = (
			);
			name = MorraCinese;
			productName = MorraCinese;
			productReference = F945BE3628474B760009416D /* MorraCinese.app */;
			productType = "com.apple.product-type.application";
		};
/* End PBXNativeTarget section */

/* Begin PBXProject section */
		F945BE2E28474B760009416D /* Project object */ = {
			isa = PBXProject;
			attributes = {
				LastSwiftUpdateCheck = 1250;
				LastUpgradeCheck = 1250;
				TargetAttributes = {
					F945BE3528474B760009416D = {
						CreatedOnToolsVersion = 12.5.1;
					};
				};
			};
			buildConfigurationList = F945BE3128474B760009416D /* Build configuration list for PBXProject "MorraCinese" */;
			compatibilityVersion = "Xcode 9.3";
			developmentRegion = en;
			hasScannedForEncodings = 0;
			knownRegions = (
				en,
				Base,
			);
			mainGroup = F945BE2D28474B760009416D;
			productRefGroup = F945BE3728474B760009416D /* Products */;
			projectDirPath = "";
			projectRoot = "";
			targets = (
				F945BE3528474B760009416D /* MorraCinese */,
			);
		};
/* End PBXProject section */

/* Begin PBXResourcesBuildPhase section */
		F945BE3428474B760009416D /* Resources */ = {
			isa = PBXResourcesBuildPhase;
			buildActionMask = 2147483647;
			files = (
				3AD23E2D284DEF2500005A0E /* Tests in Resources */,
				F945BE4928474B780009416D /* LaunchScreen.storyboard in Resources */,
				F945BE4628474B780009416D /* Assets.xcassets in Resources */,
				3AF8D90A284DDE0C003107DC /* Model in Resources */,
				3AF8D90C284DDE25003107DC /* Controller in Resources */,
				F945BE4128474B760009416D /* Main.storyboard in Resources */,
			);
			runOnlyForDeploymentPostprocessing = 0;
		};
/* End PBXResourcesBuildPhase section */

/* Begin PBXSourcesBuildPhase section */
		F945BE3228474B760009416D /* Sources */ = {
			isa = PBXSourcesBuildPhase;
			buildActionMask = 2147483647;
			files = (
				F945BE4428474B760009416D /* MorraCinese.xcdatamodeld in Sources */,
				F945BE3E28474B760009416D /* ViewController.swift in Sources */,
				F945BE3A28474B760009416D /* AppDelegate.swift in Sources */,
				F945BE3C28474B760009416D /* SceneDelegate.swift in Sources */,
			);
			runOnlyForDeploymentPostprocessing = 0;
		};
/* End PBXSourcesBuildPhase section */

/* Begin PBXVariantGroup section */
		F945BE3F28474B760009416D /* Main.storyboard */ = {
			isa = PBXVariantGroup;
			children = (
				F945BE4028474B760009416D /* Base */,
			);
			name = Main.storyboard;
			sourceTree = "<group>";
		};
		F945BE4728474B780009416D /* LaunchScreen.storyboard */ = {
			isa = PBXVariantGroup;
			children = (
				F945BE4828474B780009416D /* Base */,
			);
			name = LaunchScreen.storyboard;
			sourceTree = "<group>";
		};
/* End PBXVariantGroup section */

/* Begin XCBuildConfiguration section */
		F945BE4B28474B780009416D /* Debug */ = {
			isa = XCBuildConfiguration;
			buildSettings = {
				ALWAYS_SEARCH_USER_PATHS = NO;
				CLANG_ANALYZER_NONNULL = YES;
				CLANG_ANALYZER_NUMBER_OBJECT_CONVERSION = YES_AGGRESSIVE;
				CLANG_CXX_LANGUAGE_STANDARD = "gnu++14";
				CLANG_CXX_LIBRARY = "libc++";
				CLANG_ENABLE_MODULES = YES;
				CLANG_ENABLE_OBJC_ARC = YES;
				CLANG_ENABLE_OBJC_WEAK = YES;
				CLANG_WARN_BLOCK_CAPTURE_AUTORELEASING = YES;
				CLANG_WARN_BOOL_CONVERSION = YES;
				CLANG_WARN_COMMA = YES;
				CLANG_WARN_CONSTANT_CONVERSION = YES;
				CLANG_WARN_DEPRECATED_OBJC_IMPLEMENTATIONS = YES;
				CLANG_WARN_DIRECT_OBJC_ISA_USAGE = YES_ERROR;
				CLANG_WARN_DOCUMENTATION_COMMENTS = YES;
				CLANG_WARN_EMPTY_BODY = YES;
				CLANG_WARN_ENUM_CONVERSION = YES;
				CLANG_WARN_INFINITE_RECURSION = YES;
				CLANG_WARN_INT_CONVERSION = YES;
				CLANG_WARN_NON_LITERAL_NULL_CONVERSION = YES;
				CLANG_WARN_OBJC_IMPLICIT_RETAIN_SELF = YES;
				CLANG_WARN_OBJC_LITERAL_CONVERSION = YES;
				CLANG_WARN_OBJC_ROOT_CLASS = YES_ERROR;
				CLANG_WARN_QUOTED_INCLUDE_IN_FRAMEWORK_HEADER = YES;
				CLANG_WARN_RANGE_LOOP_ANALYSIS = YES;
				CLANG_WARN_STRICT_PROTOTYPES = YES;
				CLANG_WARN_SUSPICIOUS_MOVE = YES;
				CLANG_WARN_UNGUARDED_AVAILABILITY = YES_AGGRESSIVE;
				CLANG_WARN_UNREACHABLE_CODE = YES;
				CLANG_WARN__DUPLICATE_METHOD_MATCH = YES;
				COPY_PHASE_STRIP = NO;
				DEBUG_INFORMATION_FORMAT = dwarf;
				ENABLE_STRICT_OBJC_MSGSEND = YES;
				ENABLE_TESTABILITY = YES;
				GCC_C_LANGUAGE_STANDARD = gnu11;
				GCC_DYNAMIC_NO_PIC = NO;
				GCC_NO_COMMON_BLOCKS = YES;
				GCC_OPTIMIZATION_LEVEL = 0;
				GCC_PREPROCESSOR_DEFINITIONS = (
					"DEBUG=1",
					"$(inherited)",
				);
				GCC_WARN_64_TO_32_BIT_CONVERSION = YES;
				GCC_WARN_ABOUT_RETURN_TYPE = YES_ERROR;
				GCC_WARN_UNDECLARED_SELECTOR = YES;
				GCC_WARN_UNINITIALIZED_AUTOS = YES_AGGRESSIVE;
				GCC_WARN_UNUSED_FUNCTION = YES;
				GCC_WARN_UNUSED_VARIABLE = YES;
				IPHONEOS_DEPLOYMENT_TARGET = 14.5;
				MTL_ENABLE_DEBUG_INFO = INCLUDE_SOURCE;
				MTL_FAST_MATH = YES;
				ONLY_ACTIVE_ARCH = YES;
				SDKROOT = iphoneos;
				SWIFT_ACTIVE_COMPILATION_CONDITIONS = DEBUG;
				SWIFT_OPTIMIZATION_LEVEL = "-Onone";
			};
			name = Debug;
		};
		F945BE4C28474B780009416D /* Release */ = {
			isa = XCBuildConfiguration;
			buildSettings = {
				ALWAYS_SEARCH_USER_PATHS = NO;
				CLANG_ANALYZER_NONNULL = YES;
				CLANG_ANALYZER_NUMBER_OBJECT_CONVERSION = YES_AGGRESSIVE;
				CLANG_CXX_LANGUAGE_STANDARD = "gnu++14";
				CLANG_CXX_LIBRARY = "libc++";
				CLANG_ENABLE_MODULES = YES;
				CLANG_ENABLE_OBJC_ARC = YES;
				CLANG_ENABLE_OBJC_WEAK = YES;
				CLANG_WARN_BLOCK_CAPTURE_AUTORELEASING = YES;
				CLANG_WARN_BOOL_CONVERSION = YES;
				CLANG_WARN_COMMA = YES;
				CLANG_WARN_CONSTANT_CONVERSION = YES;
				CLANG_WARN_DEPRECATED_OBJC_IMPLEMENTATIONS = YES;
				CLANG_WARN_DIRECT_OBJC_ISA_USAGE = YES_ERROR;
				CLANG_WARN_DOCUMENTATION_COMMENTS = YES;
				CLANG_WARN_EMPTY_BODY = YES;
				CLANG_WARN_ENUM_CONVERSION = YES;
				CLANG_WARN_INFINITE_RECURSION = YES;
				CLANG_WARN_INT_CONVERSION = YES;
				CLANG_WARN_NON_LITERAL_NULL_CONVERSION = YES;
				CLANG_WARN_OBJC_IMPLICIT_RETAIN_SELF = YES;
				CLANG_WARN_OBJC_LITERAL_CONVERSION = YES;
				CLANG_WARN_OBJC_ROOT_CLASS = YES_ERROR;
				CLANG_WARN_QUOTED_INCLUDE_IN_FRAMEWORK_HEADER = YES;
				CLANG_WARN_RANGE_LOOP_ANALYSIS = YES;
				CLANG_WARN_STRICT_PROTOTYPES = YES;
				CLANG_WARN_SUSPICIOUS_MOVE = YES;
				CLANG_WARN_UNGUARDED_AVAILABILITY = YES_AGGRESSIVE;
				CLANG_WARN_UNREACHABLE_CODE = YES;
				CLANG_WARN__DUPLICATE_METHOD_MATCH = YES;
				COPY_PHASE_STRIP = NO;
				DEBUG_INFORMATION_FORMAT = "dwarf-with-dsym";
				ENABLE_NS_ASSERTIONS = NO;
				ENABLE_STRICT_OBJC_MSGSEND = YES;
				GCC_C_LANGUAGE_STANDARD = gnu11;
				GCC_NO_COMMON_BLOCKS = YES;
				GCC_WARN_64_TO_32_BIT_CONVERSION = YES;
				GCC_WARN_ABOUT_RETURN_TYPE = YES_ERROR;
				GCC_WARN_UNDECLARED_SELECTOR = YES;
				GCC_WARN_UNINITIALIZED_AUTOS = YES_AGGRESSIVE;
				GCC_WARN_UNUSED_FUNCTION = YES;
				GCC_WARN_UNUSED_VARIABLE = YES;
				IPHONEOS_DEPLOYMENT_TARGET = 14.5;
				MTL_ENABLE_DEBUG_INFO = NO;
				MTL_FAST_MATH = YES;
				SDKROOT = iphoneos;
				SWIFT_COMPILATION_MODE = wholemodule;
				SWIFT_OPTIMIZATION_LEVEL = "-O";
				VALIDATE_PRODUCT = YES;
			};
			name = Release;
		};
		F945BE4E28474B780009416D /* Debug */ = {
			isa = XCBuildConfiguration;
			buildSettings = {
				ASSETCATALOG_COMPILER_APPICON_NAME = AppIcon;
				ASSETCATALOG_COMPILER_GLOBAL_ACCENT_COLOR_NAME = AccentColor;
				CODE_SIGN_STYLE = Automatic;
				DEVELOPMENT_TEAM = 84883MAQ2Z;
				INFOPLIST_FILE = MorraCinese/Info.plist;
				LD_RUNPATH_SEARCH_PATHS = (
					"$(inherited)",
					"@executable_path/Frameworks",
				);
				PRODUCT_BUNDLE_IDENTIFIER = com.MorraCinese;
				PRODUCT_NAME = "$(TARGET_NAME)";
				SWIFT_VERSION = 5.0;
				TARGETED_DEVICE_FAMILY = "1,2";
			};
			name = Debug;
		};
		F945BE4F28474B780009416D /* Release */ = {
			isa = XCBuildConfiguration;
			buildSettings = {
				ASSETCATALOG_COMPILER_APPICON_NAME = AppIcon;
				ASSETCATALOG_COMPILER_GLOBAL_ACCENT_COLOR_NAME = AccentColor;
				CODE_SIGN_STYLE = Automatic;
				DEVELOPMENT_TEAM = 84883MAQ2Z;
				INFOPLIST_FILE = MorraCinese/Info.plist;
				LD_RUNPATH_SEARCH_PATHS = (
					"$(inherited)",
					"@executable_path/Frameworks",
				);
				PRODUCT_BUNDLE_IDENTIFIER = com.MorraCinese;
				PRODUCT_NAME = "$(TARGET_NAME)";
				SWIFT_VERSION = 5.0;
				TARGETED_DEVICE_FAMILY = "1,2";
			};
			name = Release;
		};
/* End XCBuildConfiguration section */

/* Begin XCConfigurationList section */
		F945BE3128474B760009416D /* Build configuration list for PBXProject "MorraCinese" */ = {
			isa = XCConfigurationList;
			buildConfigurations = (
				F945BE4B28474B780009416D /* Debug */,
				F945BE4C28474B780009416D /* Release */,
			);
			defaultConfigurationIsVisible = 0;
			defaultConfigurationName = Release;
		};
		F945BE4D28474B780009416D /* Build configuration list for PBXNativeTarget "MorraCinese" */ = {
			isa = XCConfigurationList;
			buildConfigurations = (
				F945BE4E28474B780009416D /* Debug */,
				F945BE4F28474B780009416D /* Release */,
			);
			defaultConfigurationIsVisible = 0;
			defaultConfigurationName = Release;
		};
/* End XCConfigurationList section */

/* Begin XCVersionGroup section */
		F945BE4228474B760009416D /* MorraCinese.xcdatamodeld */ = {
			isa = XCVersionGroup;
			children = (
				F945BE4328474B760009416D /* MorraCinese.xcdatamodel */,
			);
			currentVersion = F945BE4328474B760009416D /* MorraCinese.xcdatamodel */;
			path = MorraCinese.xcdatamodeld;
			sourceTree = "<group>";
			versionGroupType = wrapper.xcdatamodel;
		};
/* End XCVersionGroup section */
	};
	rootObject = F945BE2E28474B760009416D /* Project object */;
}
